
Microsoft Visual Studio Solution File, Format Version 12.00
# Visual Studio Version 17
VisualStudioVersion = 17.2.32630.192
MinimumVisualStudioVersion = 10.0.40219.1
Project("{9A19103F-16F7-4668-BE54-9A1E7A4F7556}") = "R5T.L0038.Construction", "R5T.L0038.Construction\R5T.L0038.Construction.csproj", "{B885E73F-F4A5-4416-BFC7-D102ACD759E5}"
EndProject
Project("{9A19103F-16F7-4668-BE54-9A1E7A4F7556}") = "R5T.L0038", "R5T.L0038\R5T.L0038.csproj", "{EE1DBB72-9B5B-4F7F-A125-B882409B3CC6}"
EndProject
Project("{2150E333-8FDC-42A3-9474-1A3956D46DE8}") = "_Dependencies", "_Dependencies", "{EF32E3A6-3A95-4CF6-B59F-9767A25C5624}"
EndProject
Project("{9A19103F-16F7-4668-BE54-9A1E7A4F7556}") = "R5T.T0137", "..\..\R5T.T0137\source\R5T.T0137\R5T.T0137.csproj", "{EC48D22E-5617-4753-A11E-29A84E0E2506}"
EndProject
Project("{9A19103F-16F7-4668-BE54-9A1E7A4F7556}") = "R5T.T0143", "..\..\R5T.T0143\source\R5T.T0143\R5T.T0143.csproj", "{348F0EED-CFEF-4EB3-8220-865A148692C7}"
EndProject
Project("{9A19103F-16F7-4668-BE54-9A1E7A4F7556}") = "R5T.T0132", "..\..\R5T.T0132\source\R5T.T0132\R5T.T0132.csproj", "{3C28BE0B-69F6-4E56-A892-0504F26F61C1}"
EndProject
Project("{9A19103F-16F7-4668-BE54-9A1E7A4F7556}") = "R5T.T0175", "..\..\R5T.T0175\source\R5T.T0175\R5T.T0175.csproj", "{F1C9DD69-0CBB-4C5B-BA7F-DF5610352ABE}"
EndProject
Project("{9A19103F-16F7-4668-BE54-9A1E7A4F7556}") = "R5T.T0178", "..\..\R5T.T0178\source\R5T.T0178\R5T.T0178.csproj", "{62C8F929-FA3C-41CD-B063-80AAC1C9A7A2}"
EndProject
Project("{9A19103F-16F7-4668-BE54-9A1E7A4F7556}") = "R5T.T0179", "..\..\R5T.T0179\source\R5T.T0179\R5T.T0179.csproj", "{4941F662-B4B2-4567-9257-46D5E213D2DD}"
EndProject
Project("{9A19103F-16F7-4668-BE54-9A1E7A4F7556}") = "R5T.F0000", "..\..\R5T.F0000\source\R5T.F0000\R5T.F0000.csproj", "{0EF7AAF5-8D5A-459A-A28C-489026AC18EC}"
EndProject
Project("{9A19103F-16F7-4668-BE54-9A1E7A4F7556}") = "R5T.F0002", "..\..\R5T.F0002\source\R5T.F0002\R5T.F0002.csproj", "{38D026FC-CAC1-43EC-9E3A-58E9E401E487}"
EndProject
Project("{9A19103F-16F7-4668-BE54-9A1E7A4F7556}") = "R5T.F0035.F001", "..\..\R5T.F0035\source\R5T.F0035.F001\R5T.F0035.F001.csproj", "{FA6C240E-0F9E-40CD-9A9E-A6F7096AAC51}"
EndProject
Project("{9A19103F-16F7-4668-BE54-9A1E7A4F7556}") = "R5T.NG0002", "..\..\R5T.NG0002\source\R5T.NG0002\R5T.NG0002.csproj", "{DF71B566-0058-45F6-8CA1-49D3BA935599}"
EndProject
Project("{9A19103F-16F7-4668-BE54-9A1E7A4F7556}") = "R5T.NG0006", "..\..\R5T.NG0006\source\R5T.NG0006\R5T.NG0006.csproj", "{2417A09F-6134-46B7-BD67-A179E19E3CA7}"
EndProject
Project("{9A19103F-16F7-4668-BE54-9A1E7A4F7556}") = "R5T.NG0007", "..\..\R5T.NG0007\source\R5T.NG0007\R5T.NG0007.csproj", "{C7FD87E3-4281-4CA2-983E-5E01D945F22F}"
EndProject
Project("{9A19103F-16F7-4668-BE54-9A1E7A4F7556}") = "R5T.T0131", "..\..\R5T.T0131\source\R5T.T0131\R5T.T0131.csproj", "{CC8DE954-3CE9-435D-BAFE-43A700E2D869}"
EndProject
Project("{9A19103F-16F7-4668-BE54-9A1E7A4F7556}") = "R5T.T0142", "..\..\R5T.T0142\source\R5T.T0142\R5T.T0142.csproj", "{3F47FD72-677A-4FAF-A48D-7211AAD858B0}"
EndProject
Project("{9A19103F-16F7-4668-BE54-9A1E7A4F7556}") = "R5T.T0148", "..\..\R5T.T0148\source\R5T.T0148\R5T.T0148.csproj", "{9D9924A0-66C7-492A-A01A-9FFD671E5653}"
EndProject
Project("{9A19103F-16F7-4668-BE54-9A1E7A4F7556}") = "R5T.T0156", "..\..\R5T.T0156\source\R5T.T0156\R5T.T0156.csproj", "{52DC978B-51CD-49CD-8A18-08D8E95E8DFE}"
EndProject
Project("{9A19103F-16F7-4668-BE54-9A1E7A4F7556}") = "R5T.T0158.F000", "..\..\R5T.T0158\source\R5T.T0158.F000\R5T.T0158.F000.csproj", "{5115F5F2-0AB5-4529-85EC-54246DC823A9}"
EndProject
Project("{9A19103F-16F7-4668-BE54-9A1E7A4F7556}") = "R5T.T0158.T000", "..\..\R5T.T0158\source\R5T.T0158.T000\R5T.T0158.T000.csproj", "{0E6118D8-8027-4E62-89BE-5E01E8BEC5AE}"
EndProject
Project("{9A19103F-16F7-4668-BE54-9A1E7A4F7556}") = "R5T.T0158", "..\..\R5T.T0158\source\R5T.T0158\R5T.T0158.csproj", "{4A00E4CC-3394-4CC1-8141-27CDE9F58C9E}"
EndProject
Project("{9A19103F-16F7-4668-BE54-9A1E7A4F7556}") = "R5T.T0159.F000", "..\..\R5T.T0159\source\R5T.T0159.F000\R5T.T0159.F000.csproj", "{2A97BF20-65D7-4BC3-9489-D10B20C288D3}"
EndProject
Project("{9A19103F-16F7-4668-BE54-9A1E7A4F7556}") = "R5T.T0159", "..\..\R5T.T0159\source\R5T.T0159\R5T.T0159.csproj", "{051241D6-09E1-4058-BCC0-243C93091A68}"
EndProject
Project("{9A19103F-16F7-4668-BE54-9A1E7A4F7556}") = "R5T.Y0000", "..\..\R5T.Y0000\source\R5T.Y0000\R5T.Y0000.csproj", "{1C7CB301-3F75-4121-B935-F47D541F1B79}"
EndProject
Project("{9A19103F-16F7-4668-BE54-9A1E7A4F7556}") = "R5T.Z0000", "..\..\R5T.Z0000\source\R5T.Z0000\R5T.Z0000.csproj", "{32434090-F93C-42E8-B6F9-47199F57E9EF}"
EndProject
Project("{9A19103F-16F7-4668-BE54-9A1E7A4F7556}") = "R5T.T0180", "..\..\R5T.T0180\source\R5T.T0180\R5T.T0180.csproj", "{BF1AD71C-8754-4AAA-B5F9-3EB283A05C38}"
EndProject
Project("{9A19103F-16F7-4668-BE54-9A1E7A4F7556}") = "R5T.T0189", "..\..\R5T.T0189\source\R5T.T0189\R5T.T0189.csproj", "{694ACCBC-6916-4275-AD9A-7791DE493DAB}"
EndProject
Project("{9A19103F-16F7-4668-BE54-9A1E7A4F7556}") = "R5T.T0190", "..\..\R5T.T0190\source\R5T.T0190\R5T.T0190.csproj", "{C8E1C773-817E-4494-8A43-824F28BCD90A}"
EndProject
Project("{9A19103F-16F7-4668-BE54-9A1E7A4F7556}") = "R5T.T0191", "..\..\R5T.T0191\source\R5T.T0191\R5T.T0191.csproj", "{F9BF6C2C-723B-4CAF-8258-23162A5A3154}"
EndProject
Project("{9A19103F-16F7-4668-BE54-9A1E7A4F7556}") = "R5T.T0192", "..\..\R5T.T0192\source\R5T.T0192\R5T.T0192.csproj", "{446CAC37-C7EE-4F14-8D93-E7CC7A78CE74}"
EndProject
Project("{9A19103F-16F7-4668-BE54-9A1E7A4F7556}") = "R5T.F0126", "..\..\R5T.F0126\source\R5T.F0126\R5T.F0126.csproj", "{EE9B8B0C-2BC9-4F05-9FC3-FB5F07E23EA8}"
EndProject
Global
	GlobalSection(NestedProjects) = preSolution
		{EC48D22E-5617-4753-A11E-29A84E0E2506} = {EF32E3A6-3A95-4CF6-B59F-9767A25C5624}
		{348F0EED-CFEF-4EB3-8220-865A148692C7} = {EF32E3A6-3A95-4CF6-B59F-9767A25C5624}
		{3C28BE0B-69F6-4E56-A892-0504F26F61C1} = {EF32E3A6-3A95-4CF6-B59F-9767A25C5624}
		{F1C9DD69-0CBB-4C5B-BA7F-DF5610352ABE} = {EF32E3A6-3A95-4CF6-B59F-9767A25C5624}
		{62C8F929-FA3C-41CD-B063-80AAC1C9A7A2} = {EF32E3A6-3A95-4CF6-B59F-9767A25C5624}
		{4941F662-B4B2-4567-9257-46D5E213D2DD} = {EF32E3A6-3A95-4CF6-B59F-9767A25C5624}
		{0EF7AAF5-8D5A-459A-A28C-489026AC18EC} = {EF32E3A6-3A95-4CF6-B59F-9767A25C5624}
		{38D026FC-CAC1-43EC-9E3A-58E9E401E487} = {EF32E3A6-3A95-4CF6-B59F-9767A25C5624}
		{FA6C240E-0F9E-40CD-9A9E-A6F7096AAC51} = {EF32E3A6-3A95-4CF6-B59F-9767A25C5624}
		{DF71B566-0058-45F6-8CA1-49D3BA935599} = {EF32E3A6-3A95-4CF6-B59F-9767A25C5624}
		{2417A09F-6134-46B7-BD67-A179E19E3CA7} = {EF32E3A6-3A95-4CF6-B59F-9767A25C5624}
		{C7FD87E3-4281-4CA2-983E-5E01D945F22F} = {EF32E3A6-3A95-4CF6-B59F-9767A25C5624}
		{CC8DE954-3CE9-435D-BAFE-43A700E2D869} = {EF32E3A6-3A95-4CF6-B59F-9767A25C5624}
		{3F47FD72-677A-4FAF-A48D-7211AAD858B0} = {EF32E3A6-3A95-4CF6-B59F-9767A25C5624}
		{9D9924A0-66C7-492A-A01A-9FFD671E5653} = {EF32E3A6-3A95-4CF6-B59F-9767A25C5624}
		{52DC978B-51CD-49CD-8A18-08D8E95E8DFE} = {EF32E3A6-3A95-4CF6-B59F-9767A25C5624}
		{5115F5F2-0AB5-4529-85EC-54246DC823A9} = {EF32E3A6-3A95-4CF6-B59F-9767A25C5624}
		{0E6118D8-8027-4E62-89BE-5E01E8BEC5AE} = {EF32E3A6-3A95-4CF6-B59F-9767A25C5624}
		{4A00E4CC-3394-4CC1-8141-27CDE9F58C9E} = {EF32E3A6-3A95-4CF6-B59F-9767A25C5624}
		{2A97BF20-65D7-4BC3-9489-D10B20C288D3} = {EF32E3A6-3A95-4CF6-B59F-9767A25C5624}
		{051241D6-09E1-4058-BCC0-243C93091A68} = {EF32E3A6-3A95-4CF6-B59F-9767A25C5624}
		{1C7CB301-3F75-4121-B935-F47D541F1B79} = {EF32E3A6-3A95-4CF6-B59F-9767A25C5624}
		{32434090-F93C-42E8-B6F9-47199F57E9EF} = {EF32E3A6-3A95-4CF6-B59F-9767A25C5624}
		{BF1AD71C-8754-4AAA-B5F9-3EB283A05C38} = {EF32E3A6-3A95-4CF6-B59F-9767A25C5624}
		{694ACCBC-6916-4275-AD9A-7791DE493DAB} = {EF32E3A6-3A95-4CF6-B59F-9767A25C5624}
		{C8E1C773-817E-4494-8A43-824F28BCD90A} = {EF32E3A6-3A95-4CF6-B59F-9767A25C5624}
		{F9BF6C2C-723B-4CAF-8258-23162A5A3154} = {EF32E3A6-3A95-4CF6-B59F-9767A25C5624}
		{446CAC37-C7EE-4F14-8D93-E7CC7A78CE74} = {EF32E3A6-3A95-4CF6-B59F-9767A25C5624}
		{EE9B8B0C-2BC9-4F05-9FC3-FB5F07E23EA8} = {EF32E3A6-3A95-4CF6-B59F-9767A25C5624}
	EndGlobalSection
	GlobalSection(SolutionConfigurationPlatforms) = preSolution
		Debug|Any CPU = Debug|Any CPU
		Release|Any CPU = Release|Any CPU
	EndGlobalSection
	GlobalSection(ProjectConfigurationPlatforms) = postSolution
		{B885E73F-F4A5-4416-BFC7-D102ACD759E5}.Debug|Any CPU.ActiveCfg = Debug|Any CPU
		{B885E73F-F4A5-4416-BFC7-D102ACD759E5}.Debug|Any CPU.Build.0 = Debug|Any CPU
		{B885E73F-F4A5-4416-BFC7-D102ACD759E5}.Release|Any CPU.ActiveCfg = Release|Any CPU
		{B885E73F-F4A5-4416-BFC7-D102ACD759E5}.Release|Any CPU.Build.0 = Release|Any CPU
		{EE1DBB72-9B5B-4F7F-A125-B882409B3CC6}.Debug|Any CPU.ActiveCfg = Debug|Any CPU
		{EE1DBB72-9B5B-4F7F-A125-B882409B3CC6}.Debug|Any CPU.Build.0 = Debug|Any CPU
		{EE1DBB72-9B5B-4F7F-A125-B882409B3CC6}.Release|Any CPU.ActiveCfg = Release|Any CPU
		{EE1DBB72-9B5B-4F7F-A125-B882409B3CC6}.Release|Any CPU.Build.0 = Release|Any CPU
		{EC48D22E-5617-4753-A11E-29A84E0E2506}.Debug|Any CPU.ActiveCfg = Debug|Any CPU
		{EC48D22E-5617-4753-A11E-29A84E0E2506}.Debug|Any CPU.Build.0 = Debug|Any CPU
		{EC48D22E-5617-4753-A11E-29A84E0E2506}.Release|Any CPU.ActiveCfg = Release|Any CPU
		{EC48D22E-5617-4753-A11E-29A84E0E2506}.Release|Any CPU.Build.0 = Release|Any CPU
		{348F0EED-CFEF-4EB3-8220-865A148692C7}.Debug|Any CPU.ActiveCfg = Debug|Any CPU
		{348F0EED-CFEF-4EB3-8220-865A148692C7}.Debug|Any CPU.Build.0 = Debug|Any CPU
		{348F0EED-CFEF-4EB3-8220-865A148692C7}.Release|Any CPU.ActiveCfg = Release|Any CPU
		{348F0EED-CFEF-4EB3-8220-865A148692C7}.Release|Any CPU.Build.0 = Release|Any CPU
		{3C28BE0B-69F6-4E56-A892-0504F26F61C1}.Debug|Any CPU.ActiveCfg = Debug|Any CPU
		{3C28BE0B-69F6-4E56-A892-0504F26F61C1}.Debug|Any CPU.Build.0 = Debug|Any CPU
		{3C28BE0B-69F6-4E56-A892-0504F26F61C1}.Release|Any CPU.ActiveCfg = Release|Any CPU
		{3C28BE0B-69F6-4E56-A892-0504F26F61C1}.Release|Any CPU.Build.0 = Release|Any CPU
		{F1C9DD69-0CBB-4C5B-BA7F-DF5610352ABE}.Debug|Any CPU.ActiveCfg = Debug|Any CPU
		{F1C9DD69-0CBB-4C5B-BA7F-DF5610352ABE}.Debug|Any CPU.Build.0 = Debug|Any CPU
		{F1C9DD69-0CBB-4C5B-BA7F-DF5610352ABE}.Release|Any CPU.ActiveCfg = Release|Any CPU
		{F1C9DD69-0CBB-4C5B-BA7F-DF5610352ABE}.Release|Any CPU.Build.0 = Release|Any CPU
		{62C8F929-FA3C-41CD-B063-80AAC1C9A7A2}.Debug|Any CPU.ActiveCfg = Debug|Any CPU
		{62C8F929-FA3C-41CD-B063-80AAC1C9A7A2}.Debug|Any CPU.Build.0 = Debug|Any CPU
		{62C8F929-FA3C-41CD-B063-80AAC1C9A7A2}.Release|Any CPU.ActiveCfg = Release|Any CPU
		{62C8F929-FA3C-41CD-B063-80AAC1C9A7A2}.Release|Any CPU.Build.0 = Release|Any CPU
		{4941F662-B4B2-4567-9257-46D5E213D2DD}.Debug|Any CPU.ActiveCfg = Debug|Any CPU
		{4941F662-B4B2-4567-9257-46D5E213D2DD}.Debug|Any CPU.Build.0 = Debug|Any CPU
		{4941F662-B4B2-4567-9257-46D5E213D2DD}.Release|Any CPU.ActiveCfg = Release|Any CPU
		{4941F662-B4B2-4567-9257-46D5E213D2DD}.Release|Any CPU.Build.0 = Release|Any CPU
		{0EF7AAF5-8D5A-459A-A28C-489026AC18EC}.Debug|Any CPU.ActiveCfg = Debug|Any CPU
		{0EF7AAF5-8D5A-459A-A28C-489026AC18EC}.Debug|Any CPU.Build.0 = Debug|Any CPU
		{0EF7AAF5-8D5A-459A-A28C-489026AC18EC}.Release|Any CPU.ActiveCfg = Release|Any CPU
		{0EF7AAF5-8D5A-459A-A28C-489026AC18EC}.Release|Any CPU.Build.0 = Release|Any CPU
		{38D026FC-CAC1-43EC-9E3A-58E9E401E487}.Debug|Any CPU.ActiveCfg = Debug|Any CPU
		{38D026FC-CAC1-43EC-9E3A-58E9E401E487}.Debug|Any CPU.Build.0 = Debug|Any CPU
		{38D026FC-CAC1-43EC-9E3A-58E9E401E487}.Release|Any CPU.ActiveCfg = Release|Any CPU
		{38D026FC-CAC1-43EC-9E3A-58E9E401E487}.Release|Any CPU.Build.0 = Release|Any CPU
		{FA6C240E-0F9E-40CD-9A9E-A6F7096AAC51}.Debug|Any CPU.ActiveCfg = Debug|Any CPU
		{FA6C240E-0F9E-40CD-9A9E-A6F7096AAC51}.Debug|Any CPU.Build.0 = Debug|Any CPU
		{FA6C240E-0F9E-40CD-9A9E-A6F7096AAC51}.Release|Any CPU.ActiveCfg = Release|Any CPU
		{FA6C240E-0F9E-40CD-9A9E-A6F7096AAC51}.Release|Any CPU.Build.0 = Release|Any CPU
		{DF71B566-0058-45F6-8CA1-49D3BA935599}.Debug|Any CPU.ActiveCfg = Debug|Any CPU
		{DF71B566-0058-45F6-8CA1-49D3BA935599}.Debug|Any CPU.Build.0 = Debug|Any CPU
		{DF71B566-0058-45F6-8CA1-49D3BA935599}.Release|Any CPU.ActiveCfg = Release|Any CPU
		{DF71B566-0058-45F6-8CA1-49D3BA935599}.Release|Any CPU.Build.0 = Release|Any CPU
		{2417A09F-6134-46B7-BD67-A179E19E3CA7}.Debug|Any CPU.ActiveCfg = Debug|Any CPU
		{2417A09F-6134-46B7-BD67-A179E19E3CA7}.Debug|Any CPU.Build.0 = Debug|Any CPU
		{2417A09F-6134-46B7-BD67-A179E19E3CA7}.Release|Any CPU.ActiveCfg = Release|Any CPU
		{2417A09F-6134-46B7-BD67-A179E19E3CA7}.Release|Any CPU.Build.0 = Release|Any CPU
		{C7FD87E3-4281-4CA2-983E-5E01D945F22F}.Debug|Any CPU.ActiveCfg = Debug|Any CPU
		{C7FD87E3-4281-4CA2-983E-5E01D945F22F}.Debug|Any CPU.Build.0 = Debug|Any CPU
		{C7FD87E3-4281-4CA2-983E-5E01D945F22F}.Release|Any CPU.ActiveCfg = Release|Any CPU
		{C7FD87E3-4281-4CA2-983E-5E01D945F22F}.Release|Any CPU.Build.0 = Release|Any CPU
		{CC8DE954-3CE9-435D-BAFE-43A700E2D869}.Debug|Any CPU.ActiveCfg = Debug|Any CPU
		{CC8DE954-3CE9-435D-BAFE-43A700E2D869}.Debug|Any CPU.Build.0 = Debug|Any CPU
		{CC8DE954-3CE9-435D-BAFE-43A700E2D869}.Release|Any CPU.ActiveCfg = Release|Any CPU
		{CC8DE954-3CE9-435D-BAFE-43A700E2D869}.Release|Any CPU.Build.0 = Release|Any CPU
		{3F47FD72-677A-4FAF-A48D-7211AAD858B0}.Debug|Any CPU.ActiveCfg = Debug|Any CPU
		{3F47FD72-677A-4FAF-A48D-7211AAD858B0}.Debug|Any CPU.Build.0 = Debug|Any CPU
		{3F47FD72-677A-4FAF-A48D-7211AAD858B0}.Release|Any CPU.ActiveCfg = Release|Any CPU
		{3F47FD72-677A-4FAF-A48D-7211AAD858B0}.Release|Any CPU.Build.0 = Release|Any CPU
		{9D9924A0-66C7-492A-A01A-9FFD671E5653}.Debug|Any CPU.ActiveCfg = Debug|Any CPU
		{9D9924A0-66C7-492A-A01A-9FFD671E5653}.Debug|Any CPU.Build.0 = Debug|Any CPU
		{9D9924A0-66C7-492A-A01A-9FFD671E5653}.Release|Any CPU.ActiveCfg = Release|Any CPU
		{9D9924A0-66C7-492A-A01A-9FFD671E5653}.Release|Any CPU.Build.0 = Release|Any CPU
		{52DC978B-51CD-49CD-8A18-08D8E95E8DFE}.Debug|Any CPU.ActiveCfg = Debug|Any CPU
		{52DC978B-51CD-49CD-8A18-08D8E95E8DFE}.Debug|Any CPU.Build.0 = Debug|Any CPU
		{52DC978B-51CD-49CD-8A18-08D8E95E8DFE}.Release|Any CPU.ActiveCfg = Release|Any CPU
		{52DC978B-51CD-49CD-8A18-08D8E95E8DFE}.Release|Any CPU.Build.0 = Release|Any CPU
		{5115F5F2-0AB5-4529-85EC-54246DC823A9}.Debug|Any CPU.ActiveCfg = Debug|Any CPU
		{5115F5F2-0AB5-4529-85EC-54246DC823A9}.Debug|Any CPU.Build.0 = Debug|Any CPU
		{5115F5F2-0AB5-4529-85EC-54246DC823A9}.Release|Any CPU.ActiveCfg = Release|Any CPU
		{5115F5F2-0AB5-4529-85EC-54246DC823A9}.Release|Any CPU.Build.0 = Release|Any CPU
		{0E6118D8-8027-4E62-89BE-5E01E8BEC5AE}.Debug|Any CPU.ActiveCfg = Debug|Any CPU
		{0E6118D8-8027-4E62-89BE-5E01E8BEC5AE}.Debug|Any CPU.Build.0 = Debug|Any CPU
		{0E6118D8-8027-4E62-89BE-5E01E8BEC5AE}.Release|Any CPU.ActiveCfg = Release|Any CPU
		{0E6118D8-8027-4E62-89BE-5E01E8BEC5AE}.Release|Any CPU.Build.0 = Release|Any CPU
		{4A00E4CC-3394-4CC1-8141-27CDE9F58C9E}.Debug|Any CPU.ActiveCfg = Debug|Any CPU
		{4A00E4CC-3394-4CC1-8141-27CDE9F58C9E}.Debug|Any CPU.Build.0 = Debug|Any CPU
		{4A00E4CC-3394-4CC1-8141-27CDE9F58C9E}.Release|Any CPU.ActiveCfg = Release|Any CPU
		{4A00E4CC-3394-4CC1-8141-27CDE9F58C9E}.Release|Any CPU.Build.0 = Release|Any CPU
		{2A97BF20-65D7-4BC3-9489-D10B20C288D3}.Debug|Any CPU.ActiveCfg = Debug|Any CPU
		{2A97BF20-65D7-4BC3-9489-D10B20C288D3}.Debug|Any CPU.Build.0 = Debug|Any CPU
		{2A97BF20-65D7-4BC3-9489-D10B20C288D3}.Release|Any CPU.ActiveCfg = Release|Any CPU
		{2A97BF20-65D7-4BC3-9489-D10B20C288D3}.Release|Any CPU.Build.0 = Release|Any CPU
		{051241D6-09E1-4058-BCC0-243C93091A68}.Debug|Any CPU.ActiveCfg = Debug|Any CPU
		{051241D6-09E1-4058-BCC0-243C93091A68}.Debug|Any CPU.Build.0 = Debug|Any CPU
		{051241D6-09E1-4058-BCC0-243C93091A68}.Release|Any CPU.ActiveCfg = Release|Any CPU
		{051241D6-09E1-4058-BCC0-243C93091A68}.Release|Any CPU.Build.0 = Release|Any CPU
		{1C7CB301-3F75-4121-B935-F47D541F1B79}.Debug|Any CPU.ActiveCfg = Debug|Any CPU
		{1C7CB301-3F75-4121-B935-F47D541F1B79}.Debug|Any CPU.Build.0 = Debug|Any CPU
		{1C7CB301-3F75-4121-B935-F47D541F1B79}.Release|Any CPU.ActiveCfg = Release|Any CPU
		{1C7CB301-3F75-4121-B935-F47D541F1B79}.Release|Any CPU.Build.0 = Release|Any CPU
		{32434090-F93C-42E8-B6F9-47199F57E9EF}.Debug|Any CPU.ActiveCfg = Debug|Any CPU
		{32434090-F93C-42E8-B6F9-47199F57E9EF}.Debug|Any CPU.Build.0 = Debug|Any CPU
		{32434090-F93C-42E8-B6F9-47199F57E9EF}.Release|Any CPU.ActiveCfg = Release|Any CPU
		{32434090-F93C-42E8-B6F9-47199F57E9EF}.Release|Any CPU.Build.0 = Release|Any CPU
		{BF1AD71C-8754-4AAA-B5F9-3EB283A05C38}.Debug|Any CPU.ActiveCfg = Debug|Any CPU
		{BF1AD71C-8754-4AAA-B5F9-3EB283A05C38}.Debug|Any CPU.Build.0 = Debug|Any CPU
		{BF1AD71C-8754-4AAA-B5F9-3EB283A05C38}.Release|Any CPU.ActiveCfg = Release|Any CPU
		{BF1AD71C-8754-4AAA-B5F9-3EB283A05C38}.Release|Any CPU.Build.0 = Release|Any CPU
		{694ACCBC-6916-4275-AD9A-7791DE493DAB}.Debug|Any CPU.ActiveCfg = Debug|Any CPU
		{694ACCBC-6916-4275-AD9A-7791DE493DAB}.Debug|Any CPU.Build.0 = Debug|Any CPU
		{694ACCBC-6916-4275-AD9A-7791DE493DAB}.Release|Any CPU.ActiveCfg = Release|Any CPU
		{694ACCBC-6916-4275-AD9A-7791DE493DAB}.Release|Any CPU.Build.0 = Release|Any CPU
		{C8E1C773-817E-4494-8A43-824F28BCD90A}.Debug|Any CPU.ActiveCfg = Debug|Any CPU
		{C8E1C773-817E-4494-8A43-824F28BCD90A}.Debug|Any CPU.Build.0 = Debug|Any CPU
		{C8E1C773-817E-4494-8A43-824F28BCD90A}.Release|Any CPU.ActiveCfg = Release|Any CPU
		{C8E1C773-817E-4494-8A43-824F28BCD90A}.Release|Any CPU.Build.0 = Release|Any CPU
		{F9BF6C2C-723B-4CAF-8258-23162A5A3154}.Debug|Any CPU.ActiveCfg = Debug|Any CPU
		{F9BF6C2C-723B-4CAF-8258-23162A5A3154}.Debug|Any CPU.Build.0 = Debug|Any CPU
		{F9BF6C2C-723B-4CAF-8258-23162A5A3154}.Release|Any CPU.ActiveCfg = Release|Any CPU
		{F9BF6C2C-723B-4CAF-8258-23162A5A3154}.Release|Any CPU.Build.0 = Release|Any CPU
		{446CAC37-C7EE-4F14-8D93-E7CC7A78CE74}.Debug|Any CPU.ActiveCfg = Debug|Any CPU
		{446CAC37-C7EE-4F14-8D93-E7CC7A78CE74}.Debug|Any CPU.Build.0 = Debug|Any CPU
		{446CAC37-C7EE-4F14-8D93-E7CC7A78CE74}.Release|Any CPU.ActiveCfg = Release|Any CPU
		{446CAC37-C7EE-4F14-8D93-E7CC7A78CE74}.Release|Any CPU.Build.0 = Release|Any CPU
		{EE9B8B0C-2BC9-4F05-9FC3-FB5F07E23EA8}.Debug|Any CPU.ActiveCfg = Debug|Any CPU
		{EE9B8B0C-2BC9-4F05-9FC3-FB5F07E23EA8}.Debug|Any CPU.Build.0 = Debug|Any CPU
		{EE9B8B0C-2BC9-4F05-9FC3-FB5F07E23EA8}.Release|Any CPU.ActiveCfg = Release|Any CPU
		{EE9B8B0C-2BC9-4F05-9FC3-FB5F07E23EA8}.Release|Any CPU.Build.0 = Release|Any CPU
	EndGlobalSection
	GlobalSection(SolutionProperties) = preSolution
		HideSolutionNode = FALSE
	EndGlobalSection
	GlobalSection(ExtensibilityGlobals) = postSolution
		SolutionGuid = {E4FE3BA1-F1B9-420B-8E64-2777DDD067A9}
	EndGlobalSection
EndGlobal
