
Microsoft Visual Studio Solution File, Format Version 12.00
# Visual Studio Version 17
VisualStudioVersion = 17.2.32630.192
MinimumVisualStudioVersion = 10.0.40219.1
Project("{9A19103F-16F7-4668-BE54-9A1E7A4F7556}") = "R5T.L0038", "R5T.L0038\R5T.L0038.csproj", "{9ECB80D8-E490-4663-985C-C08203E5D744}"
EndProject
Project("{2150E333-8FDC-42A3-9474-1A3956D46DE8}") = "_Dependencies", "_Dependencies", "{CB57F47F-2B45-472C-81A5-A07D1FD4A8B8}"
EndProject
Project("{9A19103F-16F7-4668-BE54-9A1E7A4F7556}") = "R5T.T0137", "..\..\R5T.T0137\source\R5T.T0137\R5T.T0137.csproj", "{BB9F1082-0ECC-434C-9186-E23DD26D6EAD}"
EndProject
Project("{9A19103F-16F7-4668-BE54-9A1E7A4F7556}") = "R5T.T0143", "..\..\R5T.T0143\source\R5T.T0143\R5T.T0143.csproj", "{07AD8F21-B92E-46EB-B910-DC01651ACF8D}"
EndProject
Project("{9A19103F-16F7-4668-BE54-9A1E7A4F7556}") = "R5T.T0132", "..\..\R5T.T0132\source\R5T.T0132\R5T.T0132.csproj", "{B32C709D-A328-4F8B-AA8D-9341924E2604}"
EndProject
Project("{9A19103F-16F7-4668-BE54-9A1E7A4F7556}") = "R5T.T0175", "..\..\R5T.T0175\source\R5T.T0175\R5T.T0175.csproj", "{AA496681-BDD0-4440-88F9-B6C9B2176C28}"
EndProject
Project("{9A19103F-16F7-4668-BE54-9A1E7A4F7556}") = "R5T.T0178", "..\..\R5T.T0178\source\R5T.T0178\R5T.T0178.csproj", "{B4F5F3B2-02B1-4E4A-ADC5-78C27E7C8617}"
EndProject
Project("{9A19103F-16F7-4668-BE54-9A1E7A4F7556}") = "R5T.T0179", "..\..\R5T.T0179\source\R5T.T0179\R5T.T0179.csproj", "{0F2584FE-C94F-4A7C-99F9-44CAC5691C87}"
EndProject
Project("{9A19103F-16F7-4668-BE54-9A1E7A4F7556}") = "R5T.F0000", "..\..\R5T.F0000\source\R5T.F0000\R5T.F0000.csproj", "{DFE1F231-1D46-4127-8629-4EBB71320927}"
EndProject
Project("{9A19103F-16F7-4668-BE54-9A1E7A4F7556}") = "R5T.F0002", "..\..\R5T.F0002\source\R5T.F0002\R5T.F0002.csproj", "{8BC4DBC1-68D1-4F29-8E44-28C17894363C}"
EndProject
Project("{9A19103F-16F7-4668-BE54-9A1E7A4F7556}") = "R5T.F0035.F001", "..\..\R5T.F0035\source\R5T.F0035.F001\R5T.F0035.F001.csproj", "{BE39F84E-CD39-48E8-BCF1-789584D213F6}"
EndProject
Project("{9A19103F-16F7-4668-BE54-9A1E7A4F7556}") = "R5T.NG0002", "..\..\R5T.NG0002\source\R5T.NG0002\R5T.NG0002.csproj", "{A31D2498-6849-4D0B-BE1C-9610DEF9B434}"
EndProject
Project("{9A19103F-16F7-4668-BE54-9A1E7A4F7556}") = "R5T.NG0006", "..\..\R5T.NG0006\source\R5T.NG0006\R5T.NG0006.csproj", "{7CB9C852-DD0A-4D23-8686-71460FC6A7EB}"
EndProject
Project("{9A19103F-16F7-4668-BE54-9A1E7A4F7556}") = "R5T.NG0007", "..\..\R5T.NG0007\source\R5T.NG0007\R5T.NG0007.csproj", "{1DDCAE76-FC12-4B7C-9376-2245F747A298}"
EndProject
Project("{9A19103F-16F7-4668-BE54-9A1E7A4F7556}") = "R5T.T0131", "..\..\R5T.T0131\source\R5T.T0131\R5T.T0131.csproj", "{330AAFA7-BCE2-4217-89B5-941C274DFEDE}"
EndProject
Project("{9A19103F-16F7-4668-BE54-9A1E7A4F7556}") = "R5T.T0142", "..\..\R5T.T0142\source\R5T.T0142\R5T.T0142.csproj", "{7A27F8CF-6CB2-4D82-BC31-AC6C09528E6C}"
EndProject
Project("{9A19103F-16F7-4668-BE54-9A1E7A4F7556}") = "R5T.T0148", "..\..\R5T.T0148\source\R5T.T0148\R5T.T0148.csproj", "{64087474-D9EE-4E49-B699-A71D3CB1C7FF}"
EndProject
Project("{9A19103F-16F7-4668-BE54-9A1E7A4F7556}") = "R5T.T0156", "..\..\R5T.T0156\source\R5T.T0156\R5T.T0156.csproj", "{2EC8FCC7-B353-470C-B7DF-8F48E34B7663}"
EndProject
Project("{9A19103F-16F7-4668-BE54-9A1E7A4F7556}") = "R5T.T0158.F000", "..\..\R5T.T0158\source\R5T.T0158.F000\R5T.T0158.F000.csproj", "{D1129FF1-373A-4ED8-B7CE-104D5963CF8F}"
EndProject
Project("{9A19103F-16F7-4668-BE54-9A1E7A4F7556}") = "R5T.T0158.T000", "..\..\R5T.T0158\source\R5T.T0158.T000\R5T.T0158.T000.csproj", "{3882CED2-5953-42E2-AB04-93670D6D0FBB}"
EndProject
Project("{9A19103F-16F7-4668-BE54-9A1E7A4F7556}") = "R5T.T0158", "..\..\R5T.T0158\source\R5T.T0158\R5T.T0158.csproj", "{163F7CCD-18A1-4177-8875-8E97BFE98F82}"
EndProject
Project("{9A19103F-16F7-4668-BE54-9A1E7A4F7556}") = "R5T.T0159.F000", "..\..\R5T.T0159\source\R5T.T0159.F000\R5T.T0159.F000.csproj", "{4BD153C4-11FE-4441-9FAC-D1ED16C20674}"
EndProject
Project("{9A19103F-16F7-4668-BE54-9A1E7A4F7556}") = "R5T.T0159", "..\..\R5T.T0159\source\R5T.T0159\R5T.T0159.csproj", "{DEAA3071-1FDA-4B5E-A7BF-626B333AB53B}"
EndProject
Project("{9A19103F-16F7-4668-BE54-9A1E7A4F7556}") = "R5T.Y0000", "..\..\R5T.Y0000\source\R5T.Y0000\R5T.Y0000.csproj", "{41778674-A91A-4A74-BD16-09DDC00FC9FB}"
EndProject
Project("{9A19103F-16F7-4668-BE54-9A1E7A4F7556}") = "R5T.Z0000", "..\..\R5T.Z0000\source\R5T.Z0000\R5T.Z0000.csproj", "{ADF16CF1-A8B3-4AAE-9D7E-3A9BA8EFE98A}"
EndProject
Project("{9A19103F-16F7-4668-BE54-9A1E7A4F7556}") = "R5T.T0180", "..\..\R5T.T0180\source\R5T.T0180\R5T.T0180.csproj", "{4025E7E2-9CB3-4B69-A792-0B7E582A7AA3}"
EndProject
Project("{9A19103F-16F7-4668-BE54-9A1E7A4F7556}") = "R5T.T0189", "..\..\R5T.T0189\source\R5T.T0189\R5T.T0189.csproj", "{8FED48B7-0324-46CD-9C94-764493130865}"
EndProject
Project("{9A19103F-16F7-4668-BE54-9A1E7A4F7556}") = "R5T.T0190", "..\..\R5T.T0190\source\R5T.T0190\R5T.T0190.csproj", "{0C72512C-11CD-4F77-8F6F-070497861CD0}"
EndProject
Project("{9A19103F-16F7-4668-BE54-9A1E7A4F7556}") = "R5T.T0191", "..\..\R5T.T0191\source\R5T.T0191\R5T.T0191.csproj", "{A9F65543-F7F3-4936-9B11-5033AD87DE5F}"
EndProject
Project("{9A19103F-16F7-4668-BE54-9A1E7A4F7556}") = "R5T.T0192", "..\..\R5T.T0192\source\R5T.T0192\R5T.T0192.csproj", "{BCE4F78F-D437-4C58-88F3-50127F8F6D46}"
EndProject
Project("{9A19103F-16F7-4668-BE54-9A1E7A4F7556}") = "R5T.F0126", "..\..\R5T.F0126\source\R5T.F0126\R5T.F0126.csproj", "{1CB93D0F-98BA-4793-9BF7-5356D4C2E7D9}"
EndProject
Global
	GlobalSection(NestedProjects) = preSolution
		{BB9F1082-0ECC-434C-9186-E23DD26D6EAD} = {CB57F47F-2B45-472C-81A5-A07D1FD4A8B8}
		{07AD8F21-B92E-46EB-B910-DC01651ACF8D} = {CB57F47F-2B45-472C-81A5-A07D1FD4A8B8}
		{B32C709D-A328-4F8B-AA8D-9341924E2604} = {CB57F47F-2B45-472C-81A5-A07D1FD4A8B8}
		{AA496681-BDD0-4440-88F9-B6C9B2176C28} = {CB57F47F-2B45-472C-81A5-A07D1FD4A8B8}
		{B4F5F3B2-02B1-4E4A-ADC5-78C27E7C8617} = {CB57F47F-2B45-472C-81A5-A07D1FD4A8B8}
		{0F2584FE-C94F-4A7C-99F9-44CAC5691C87} = {CB57F47F-2B45-472C-81A5-A07D1FD4A8B8}
		{DFE1F231-1D46-4127-8629-4EBB71320927} = {CB57F47F-2B45-472C-81A5-A07D1FD4A8B8}
		{8BC4DBC1-68D1-4F29-8E44-28C17894363C} = {CB57F47F-2B45-472C-81A5-A07D1FD4A8B8}
		{BE39F84E-CD39-48E8-BCF1-789584D213F6} = {CB57F47F-2B45-472C-81A5-A07D1FD4A8B8}
		{A31D2498-6849-4D0B-BE1C-9610DEF9B434} = {CB57F47F-2B45-472C-81A5-A07D1FD4A8B8}
		{7CB9C852-DD0A-4D23-8686-71460FC6A7EB} = {CB57F47F-2B45-472C-81A5-A07D1FD4A8B8}
		{1DDCAE76-FC12-4B7C-9376-2245F747A298} = {CB57F47F-2B45-472C-81A5-A07D1FD4A8B8}
		{330AAFA7-BCE2-4217-89B5-941C274DFEDE} = {CB57F47F-2B45-472C-81A5-A07D1FD4A8B8}
		{7A27F8CF-6CB2-4D82-BC31-AC6C09528E6C} = {CB57F47F-2B45-472C-81A5-A07D1FD4A8B8}
		{64087474-D9EE-4E49-B699-A71D3CB1C7FF} = {CB57F47F-2B45-472C-81A5-A07D1FD4A8B8}
		{2EC8FCC7-B353-470C-B7DF-8F48E34B7663} = {CB57F47F-2B45-472C-81A5-A07D1FD4A8B8}
		{D1129FF1-373A-4ED8-B7CE-104D5963CF8F} = {CB57F47F-2B45-472C-81A5-A07D1FD4A8B8}
		{3882CED2-5953-42E2-AB04-93670D6D0FBB} = {CB57F47F-2B45-472C-81A5-A07D1FD4A8B8}
		{163F7CCD-18A1-4177-8875-8E97BFE98F82} = {CB57F47F-2B45-472C-81A5-A07D1FD4A8B8}
		{4BD153C4-11FE-4441-9FAC-D1ED16C20674} = {CB57F47F-2B45-472C-81A5-A07D1FD4A8B8}
		{DEAA3071-1FDA-4B5E-A7BF-626B333AB53B} = {CB57F47F-2B45-472C-81A5-A07D1FD4A8B8}
		{41778674-A91A-4A74-BD16-09DDC00FC9FB} = {CB57F47F-2B45-472C-81A5-A07D1FD4A8B8}
		{ADF16CF1-A8B3-4AAE-9D7E-3A9BA8EFE98A} = {CB57F47F-2B45-472C-81A5-A07D1FD4A8B8}
		{4025E7E2-9CB3-4B69-A792-0B7E582A7AA3} = {CB57F47F-2B45-472C-81A5-A07D1FD4A8B8}
		{8FED48B7-0324-46CD-9C94-764493130865} = {CB57F47F-2B45-472C-81A5-A07D1FD4A8B8}
		{0C72512C-11CD-4F77-8F6F-070497861CD0} = {CB57F47F-2B45-472C-81A5-A07D1FD4A8B8}
		{A9F65543-F7F3-4936-9B11-5033AD87DE5F} = {CB57F47F-2B45-472C-81A5-A07D1FD4A8B8}
		{BCE4F78F-D437-4C58-88F3-50127F8F6D46} = {CB57F47F-2B45-472C-81A5-A07D1FD4A8B8}
		{1CB93D0F-98BA-4793-9BF7-5356D4C2E7D9} = {CB57F47F-2B45-472C-81A5-A07D1FD4A8B8}
	EndGlobalSection
	GlobalSection(SolutionConfigurationPlatforms) = preSolution
		Debug|Any CPU = Debug|Any CPU
		Release|Any CPU = Release|Any CPU
	EndGlobalSection
	GlobalSection(ProjectConfigurationPlatforms) = postSolution
		{9ECB80D8-E490-4663-985C-C08203E5D744}.Debug|Any CPU.ActiveCfg = Debug|Any CPU
		{9ECB80D8-E490-4663-985C-C08203E5D744}.Debug|Any CPU.Build.0 = Debug|Any CPU
		{9ECB80D8-E490-4663-985C-C08203E5D744}.Release|Any CPU.ActiveCfg = Release|Any CPU
		{9ECB80D8-E490-4663-985C-C08203E5D744}.Release|Any CPU.Build.0 = Release|Any CPU
		{BB9F1082-0ECC-434C-9186-E23DD26D6EAD}.Debug|Any CPU.ActiveCfg = Debug|Any CPU
		{BB9F1082-0ECC-434C-9186-E23DD26D6EAD}.Debug|Any CPU.Build.0 = Debug|Any CPU
		{BB9F1082-0ECC-434C-9186-E23DD26D6EAD}.Release|Any CPU.ActiveCfg = Release|Any CPU
		{BB9F1082-0ECC-434C-9186-E23DD26D6EAD}.Release|Any CPU.Build.0 = Release|Any CPU
		{07AD8F21-B92E-46EB-B910-DC01651ACF8D}.Debug|Any CPU.ActiveCfg = Debug|Any CPU
		{07AD8F21-B92E-46EB-B910-DC01651ACF8D}.Debug|Any CPU.Build.0 = Debug|Any CPU
		{07AD8F21-B92E-46EB-B910-DC01651ACF8D}.Release|Any CPU.ActiveCfg = Release|Any CPU
		{07AD8F21-B92E-46EB-B910-DC01651ACF8D}.Release|Any CPU.Build.0 = Release|Any CPU
		{B32C709D-A328-4F8B-AA8D-9341924E2604}.Debug|Any CPU.ActiveCfg = Debug|Any CPU
		{B32C709D-A328-4F8B-AA8D-9341924E2604}.Debug|Any CPU.Build.0 = Debug|Any CPU
		{B32C709D-A328-4F8B-AA8D-9341924E2604}.Release|Any CPU.ActiveCfg = Release|Any CPU
		{B32C709D-A328-4F8B-AA8D-9341924E2604}.Release|Any CPU.Build.0 = Release|Any CPU
		{AA496681-BDD0-4440-88F9-B6C9B2176C28}.Debug|Any CPU.ActiveCfg = Debug|Any CPU
		{AA496681-BDD0-4440-88F9-B6C9B2176C28}.Debug|Any CPU.Build.0 = Debug|Any CPU
		{AA496681-BDD0-4440-88F9-B6C9B2176C28}.Release|Any CPU.ActiveCfg = Release|Any CPU
		{AA496681-BDD0-4440-88F9-B6C9B2176C28}.Release|Any CPU.Build.0 = Release|Any CPU
		{B4F5F3B2-02B1-4E4A-ADC5-78C27E7C8617}.Debug|Any CPU.ActiveCfg = Debug|Any CPU
		{B4F5F3B2-02B1-4E4A-ADC5-78C27E7C8617}.Debug|Any CPU.Build.0 = Debug|Any CPU
		{B4F5F3B2-02B1-4E4A-ADC5-78C27E7C8617}.Release|Any CPU.ActiveCfg = Release|Any CPU
		{B4F5F3B2-02B1-4E4A-ADC5-78C27E7C8617}.Release|Any CPU.Build.0 = Release|Any CPU
		{0F2584FE-C94F-4A7C-99F9-44CAC5691C87}.Debug|Any CPU.ActiveCfg = Debug|Any CPU
		{0F2584FE-C94F-4A7C-99F9-44CAC5691C87}.Debug|Any CPU.Build.0 = Debug|Any CPU
		{0F2584FE-C94F-4A7C-99F9-44CAC5691C87}.Release|Any CPU.ActiveCfg = Release|Any CPU
		{0F2584FE-C94F-4A7C-99F9-44CAC5691C87}.Release|Any CPU.Build.0 = Release|Any CPU
		{DFE1F231-1D46-4127-8629-4EBB71320927}.Debug|Any CPU.ActiveCfg = Debug|Any CPU
		{DFE1F231-1D46-4127-8629-4EBB71320927}.Debug|Any CPU.Build.0 = Debug|Any CPU
		{DFE1F231-1D46-4127-8629-4EBB71320927}.Release|Any CPU.ActiveCfg = Release|Any CPU
		{DFE1F231-1D46-4127-8629-4EBB71320927}.Release|Any CPU.Build.0 = Release|Any CPU
		{8BC4DBC1-68D1-4F29-8E44-28C17894363C}.Debug|Any CPU.ActiveCfg = Debug|Any CPU
		{8BC4DBC1-68D1-4F29-8E44-28C17894363C}.Debug|Any CPU.Build.0 = Debug|Any CPU
		{8BC4DBC1-68D1-4F29-8E44-28C17894363C}.Release|Any CPU.ActiveCfg = Release|Any CPU
		{8BC4DBC1-68D1-4F29-8E44-28C17894363C}.Release|Any CPU.Build.0 = Release|Any CPU
		{BE39F84E-CD39-48E8-BCF1-789584D213F6}.Debug|Any CPU.ActiveCfg = Debug|Any CPU
		{BE39F84E-CD39-48E8-BCF1-789584D213F6}.Debug|Any CPU.Build.0 = Debug|Any CPU
		{BE39F84E-CD39-48E8-BCF1-789584D213F6}.Release|Any CPU.ActiveCfg = Release|Any CPU
		{BE39F84E-CD39-48E8-BCF1-789584D213F6}.Release|Any CPU.Build.0 = Release|Any CPU
		{A31D2498-6849-4D0B-BE1C-9610DEF9B434}.Debug|Any CPU.ActiveCfg = Debug|Any CPU
		{A31D2498-6849-4D0B-BE1C-9610DEF9B434}.Debug|Any CPU.Build.0 = Debug|Any CPU
		{A31D2498-6849-4D0B-BE1C-9610DEF9B434}.Release|Any CPU.ActiveCfg = Release|Any CPU
		{A31D2498-6849-4D0B-BE1C-9610DEF9B434}.Release|Any CPU.Build.0 = Release|Any CPU
		{7CB9C852-DD0A-4D23-8686-71460FC6A7EB}.Debug|Any CPU.ActiveCfg = Debug|Any CPU
		{7CB9C852-DD0A-4D23-8686-71460FC6A7EB}.Debug|Any CPU.Build.0 = Debug|Any CPU
		{7CB9C852-DD0A-4D23-8686-71460FC6A7EB}.Release|Any CPU.ActiveCfg = Release|Any CPU
		{7CB9C852-DD0A-4D23-8686-71460FC6A7EB}.Release|Any CPU.Build.0 = Release|Any CPU
		{1DDCAE76-FC12-4B7C-9376-2245F747A298}.Debug|Any CPU.ActiveCfg = Debug|Any CPU
		{1DDCAE76-FC12-4B7C-9376-2245F747A298}.Debug|Any CPU.Build.0 = Debug|Any CPU
		{1DDCAE76-FC12-4B7C-9376-2245F747A298}.Release|Any CPU.ActiveCfg = Release|Any CPU
		{1DDCAE76-FC12-4B7C-9376-2245F747A298}.Release|Any CPU.Build.0 = Release|Any CPU
		{330AAFA7-BCE2-4217-89B5-941C274DFEDE}.Debug|Any CPU.ActiveCfg = Debug|Any CPU
		{330AAFA7-BCE2-4217-89B5-941C274DFEDE}.Debug|Any CPU.Build.0 = Debug|Any CPU
		{330AAFA7-BCE2-4217-89B5-941C274DFEDE}.Release|Any CPU.ActiveCfg = Release|Any CPU
		{330AAFA7-BCE2-4217-89B5-941C274DFEDE}.Release|Any CPU.Build.0 = Release|Any CPU
		{7A27F8CF-6CB2-4D82-BC31-AC6C09528E6C}.Debug|Any CPU.ActiveCfg = Debug|Any CPU
		{7A27F8CF-6CB2-4D82-BC31-AC6C09528E6C}.Debug|Any CPU.Build.0 = Debug|Any CPU
		{7A27F8CF-6CB2-4D82-BC31-AC6C09528E6C}.Release|Any CPU.ActiveCfg = Release|Any CPU
		{7A27F8CF-6CB2-4D82-BC31-AC6C09528E6C}.Release|Any CPU.Build.0 = Release|Any CPU
		{64087474-D9EE-4E49-B699-A71D3CB1C7FF}.Debug|Any CPU.ActiveCfg = Debug|Any CPU
		{64087474-D9EE-4E49-B699-A71D3CB1C7FF}.Debug|Any CPU.Build.0 = Debug|Any CPU
		{64087474-D9EE-4E49-B699-A71D3CB1C7FF}.Release|Any CPU.ActiveCfg = Release|Any CPU
		{64087474-D9EE-4E49-B699-A71D3CB1C7FF}.Release|Any CPU.Build.0 = Release|Any CPU
		{2EC8FCC7-B353-470C-B7DF-8F48E34B7663}.Debug|Any CPU.ActiveCfg = Debug|Any CPU
		{2EC8FCC7-B353-470C-B7DF-8F48E34B7663}.Debug|Any CPU.Build.0 = Debug|Any CPU
		{2EC8FCC7-B353-470C-B7DF-8F48E34B7663}.Release|Any CPU.ActiveCfg = Release|Any CPU
		{2EC8FCC7-B353-470C-B7DF-8F48E34B7663}.Release|Any CPU.Build.0 = Release|Any CPU
		{D1129FF1-373A-4ED8-B7CE-104D5963CF8F}.Debug|Any CPU.ActiveCfg = Debug|Any CPU
		{D1129FF1-373A-4ED8-B7CE-104D5963CF8F}.Debug|Any CPU.Build.0 = Debug|Any CPU
		{D1129FF1-373A-4ED8-B7CE-104D5963CF8F}.Release|Any CPU.ActiveCfg = Release|Any CPU
		{D1129FF1-373A-4ED8-B7CE-104D5963CF8F}.Release|Any CPU.Build.0 = Release|Any CPU
		{3882CED2-5953-42E2-AB04-93670D6D0FBB}.Debug|Any CPU.ActiveCfg = Debug|Any CPU
		{3882CED2-5953-42E2-AB04-93670D6D0FBB}.Debug|Any CPU.Build.0 = Debug|Any CPU
		{3882CED2-5953-42E2-AB04-93670D6D0FBB}.Release|Any CPU.ActiveCfg = Release|Any CPU
		{3882CED2-5953-42E2-AB04-93670D6D0FBB}.Release|Any CPU.Build.0 = Release|Any CPU
		{163F7CCD-18A1-4177-8875-8E97BFE98F82}.Debug|Any CPU.ActiveCfg = Debug|Any CPU
		{163F7CCD-18A1-4177-8875-8E97BFE98F82}.Debug|Any CPU.Build.0 = Debug|Any CPU
		{163F7CCD-18A1-4177-8875-8E97BFE98F82}.Release|Any CPU.ActiveCfg = Release|Any CPU
		{163F7CCD-18A1-4177-8875-8E97BFE98F82}.Release|Any CPU.Build.0 = Release|Any CPU
		{4BD153C4-11FE-4441-9FAC-D1ED16C20674}.Debug|Any CPU.ActiveCfg = Debug|Any CPU
		{4BD153C4-11FE-4441-9FAC-D1ED16C20674}.Debug|Any CPU.Build.0 = Debug|Any CPU
		{4BD153C4-11FE-4441-9FAC-D1ED16C20674}.Release|Any CPU.ActiveCfg = Release|Any CPU
		{4BD153C4-11FE-4441-9FAC-D1ED16C20674}.Release|Any CPU.Build.0 = Release|Any CPU
		{DEAA3071-1FDA-4B5E-A7BF-626B333AB53B}.Debug|Any CPU.ActiveCfg = Debug|Any CPU
		{DEAA3071-1FDA-4B5E-A7BF-626B333AB53B}.Debug|Any CPU.Build.0 = Debug|Any CPU
		{DEAA3071-1FDA-4B5E-A7BF-626B333AB53B}.Release|Any CPU.ActiveCfg = Release|Any CPU
		{DEAA3071-1FDA-4B5E-A7BF-626B333AB53B}.Release|Any CPU.Build.0 = Release|Any CPU
		{41778674-A91A-4A74-BD16-09DDC00FC9FB}.Debug|Any CPU.ActiveCfg = Debug|Any CPU
		{41778674-A91A-4A74-BD16-09DDC00FC9FB}.Debug|Any CPU.Build.0 = Debug|Any CPU
		{41778674-A91A-4A74-BD16-09DDC00FC9FB}.Release|Any CPU.ActiveCfg = Release|Any CPU
		{41778674-A91A-4A74-BD16-09DDC00FC9FB}.Release|Any CPU.Build.0 = Release|Any CPU
		{ADF16CF1-A8B3-4AAE-9D7E-3A9BA8EFE98A}.Debug|Any CPU.ActiveCfg = Debug|Any CPU
		{ADF16CF1-A8B3-4AAE-9D7E-3A9BA8EFE98A}.Debug|Any CPU.Build.0 = Debug|Any CPU
		{ADF16CF1-A8B3-4AAE-9D7E-3A9BA8EFE98A}.Release|Any CPU.ActiveCfg = Release|Any CPU
		{ADF16CF1-A8B3-4AAE-9D7E-3A9BA8EFE98A}.Release|Any CPU.Build.0 = Release|Any CPU
		{4025E7E2-9CB3-4B69-A792-0B7E582A7AA3}.Debug|Any CPU.ActiveCfg = Debug|Any CPU
		{4025E7E2-9CB3-4B69-A792-0B7E582A7AA3}.Debug|Any CPU.Build.0 = Debug|Any CPU
		{4025E7E2-9CB3-4B69-A792-0B7E582A7AA3}.Release|Any CPU.ActiveCfg = Release|Any CPU
		{4025E7E2-9CB3-4B69-A792-0B7E582A7AA3}.Release|Any CPU.Build.0 = Release|Any CPU
		{8FED48B7-0324-46CD-9C94-764493130865}.Debug|Any CPU.ActiveCfg = Debug|Any CPU
		{8FED48B7-0324-46CD-9C94-764493130865}.Debug|Any CPU.Build.0 = Debug|Any CPU
		{8FED48B7-0324-46CD-9C94-764493130865}.Release|Any CPU.ActiveCfg = Release|Any CPU
		{8FED48B7-0324-46CD-9C94-764493130865}.Release|Any CPU.Build.0 = Release|Any CPU
		{0C72512C-11CD-4F77-8F6F-070497861CD0}.Debug|Any CPU.ActiveCfg = Debug|Any CPU
		{0C72512C-11CD-4F77-8F6F-070497861CD0}.Debug|Any CPU.Build.0 = Debug|Any CPU
		{0C72512C-11CD-4F77-8F6F-070497861CD0}.Release|Any CPU.ActiveCfg = Release|Any CPU
		{0C72512C-11CD-4F77-8F6F-070497861CD0}.Release|Any CPU.Build.0 = Release|Any CPU
		{A9F65543-F7F3-4936-9B11-5033AD87DE5F}.Debug|Any CPU.ActiveCfg = Debug|Any CPU
		{A9F65543-F7F3-4936-9B11-5033AD87DE5F}.Debug|Any CPU.Build.0 = Debug|Any CPU
		{A9F65543-F7F3-4936-9B11-5033AD87DE5F}.Release|Any CPU.ActiveCfg = Release|Any CPU
		{A9F65543-F7F3-4936-9B11-5033AD87DE5F}.Release|Any CPU.Build.0 = Release|Any CPU
		{BCE4F78F-D437-4C58-88F3-50127F8F6D46}.Debug|Any CPU.ActiveCfg = Debug|Any CPU
		{BCE4F78F-D437-4C58-88F3-50127F8F6D46}.Debug|Any CPU.Build.0 = Debug|Any CPU
		{BCE4F78F-D437-4C58-88F3-50127F8F6D46}.Release|Any CPU.ActiveCfg = Release|Any CPU
		{BCE4F78F-D437-4C58-88F3-50127F8F6D46}.Release|Any CPU.Build.0 = Release|Any CPU
		{1CB93D0F-98BA-4793-9BF7-5356D4C2E7D9}.Debug|Any CPU.ActiveCfg = Debug|Any CPU
		{1CB93D0F-98BA-4793-9BF7-5356D4C2E7D9}.Debug|Any CPU.Build.0 = Debug|Any CPU
		{1CB93D0F-98BA-4793-9BF7-5356D4C2E7D9}.Release|Any CPU.ActiveCfg = Release|Any CPU
		{1CB93D0F-98BA-4793-9BF7-5356D4C2E7D9}.Release|Any CPU.Build.0 = Release|Any CPU
	EndGlobalSection
	GlobalSection(SolutionProperties) = preSolution
		HideSolutionNode = FALSE
	EndGlobalSection
	GlobalSection(ExtensibilityGlobals) = postSolution
		SolutionGuid = {769FD293-45C8-4FC5-B156-4505619967B4}
	EndGlobalSection
EndGlobal
